
Microsoft Visual Studio Solution File, Format Version 12.00
# Visual Studio 15
Project("{FAE04EC0-301F-11D3-BF4B-00C04F79EFBC}") = "MoG", "MoG\MoG.csproj", "{1606E0B9-6E3D-4012-89B0-782D8711B4B4}"
EndProject
Project("{FAE04EC0-301F-11D3-BF4B-00C04F79EFBC}") = "MoG.Tests", "MoG.Tests\MoG.Tests.csproj", "{314E2440-66C7-4D23-AE46-339AA89716D5}"
EndProject
Global
	GlobalSection(SolutionConfigurationPlatforms) = preSolution
		Debug|Any CPU = Debug|Any CPU
		Release|Any CPU = Release|Any CPU
	EndGlobalSection
	GlobalSection(ProjectConfigurationPlatforms) = postSolution
		{1606E0B9-6E3D-4012-89B0-782D8711B4B4}.Debug|Any CPU.ActiveCfg = Debug|Any CPU
		{1606E0B9-6E3D-4012-89B0-782D8711B4B4}.Debug|Any CPU.Build.0 = Debug|Any CPU
		{1606E0B9-6E3D-4012-89B0-782D8711B4B4}.Release|Any CPU.ActiveCfg = Release|Any CPU
		{1606E0B9-6E3D-4012-89B0-782D8711B4B4}.Release|Any CPU.Build.0 = Release|Any CPU
		{314E2440-66C7-4D23-AE46-339AA89716D5}.Debug|Any CPU.ActiveCfg = Debug|Any CPU
		{314E2440-66C7-4D23-AE46-339AA89716D5}.Debug|Any CPU.Build.0 = Debug|Any CPU
		{314E2440-66C7-4D23-AE46-339AA89716D5}.Release|Any CPU.ActiveCfg = Release|Any CPU
		{314E2440-66C7-4D23-AE46-339AA89716D5}.Release|Any CPU.Build.0 = Release|Any CPU
	EndGlobalSection
EndGlobal
